github.com/BKasin/go-keylogger v0.0.0-20221210050511-337a1155a717 h1:TSFNqse1eeG5IKr+n7xFCRhsJ8u2sJxpBa1Bc7sknTk=
github.com/BKasin/go-keylogger v0.0.0-20221210050511-337a1155a717/go.mod h1:Izgp4oYfgcPvxZ7xUa6EmY5xj1BQ5a8ctHHccUmoZmE=
github.com/TheTitanrain/w32 v0.0.0-20200114052255-2654d97dbd3d h1:2xp1BQbqcDDaikHnASWpVZRjibOxu7y9LhAv04whugI=
github.com/TheTitanrain/w32 v0.0.0-20200114052255-2654d97dbd3d/go.mod h1:peYoMncQljjNS6tZwI9WVyQB3qZS6u79/N3mBOcnd3I=
github.com/eiannone/keyboard v0.0.0-20220611211555-0d226195f203 h1:XBBHcIb256gUJtLmY22n99HaZTz+r2Z51xUPi01m3wg=
github.com/eiannone/keyboard v0.0.0-20220611211555-0d226195f203/go.mod h1:E1jcSv8FaEny+OP/5k9UxZVw9YFWGj7eI4KR/iOBqCg=
github.com/robfig/cron/v3 v3.0.1 h1:WdRxkvbJztn8LMz/QEvLN5sBU+xKpSqwwUO1Pjr4qDs=
github.com/robfig/cron/v3 v3.0.1/go.mod h1:eQICP3HwyT7UooqI/z+Ov+PtYAWygg1TEWWzGIFLtro=
golang.org/x/sys v0.7.0 h1:3jlCCIQZPdOYu1h8BkNvLz8Kgwtae2cagcG/VamtZRU=
golang.org/x/sys v0.7.0/go.mod h1:oPkhp1MJrh7nUepCBck5+mAzfO9JrbApNNgaTdGDITg=
